
Microsoft Visual Studio Solution File, Format Version 12.00
# Visual Studio Version 17
VisualStudioVersion = 17.12.35521.163 d17.12
MinimumVisualStudioVersion = 10.0.40219.1
Project("{FAE04EC0-301F-11D3-BF4B-00C04F79EFBC}") = "Hw", "Hw\Hw.csproj", "{71ACB579-38B2-4F43-A1BB-35207F93440C}"
EndProject
Global
	GlobalSection(SolutionConfigurationPlatforms) = preSolution
		Debug|Any CPU = Debug|Any CPU
		Release|Any CPU = Release|Any CPU
	EndGlobalSection
	GlobalSection(ProjectConfigurationPlatforms) = postSolution
		{71ACB579-38B2-4F43-A1BB-35207F93440C}.Debug|Any CPU.ActiveCfg = Debug|Any CPU
		{71ACB579-38B2-4F43-A1BB-35207F93440C}.Debug|Any CPU.Build.0 = Debug|Any CPU
		{71ACB579-38B2-4F43-A1BB-35207F93440C}.Release|Any CPU.ActiveCfg = Release|Any CPU
		{71ACB579-38B2-4F43-A1BB-35207F93440C}.Release|Any CPU.Build.0 = Release|Any CPU
	EndGlobalSection
	GlobalSection(SolutionProperties) = preSolution
		HideSolutionNode = FALSE
	EndGlobalSection
EndGlobal
